
Microsoft Visual Studio Solution File, Format Version 12.00
# Visual Studio Version 17
VisualStudioVersion = 17.6.33829.357
MinimumVisualStudioVersion = 10.0.40219.1
Project("{FAE04EC0-301F-11D3-BF4B-00C04F79EFBC}") = "API Demo Testing", "API Demo Testing.csproj", "{CBABB967-F82D-4053-B22E-70D7E3D41E69}"
EndProject
Global
	GlobalSection(SolutionConfigurationPlatforms) = preSolution
		Debug|Any CPU = Debug|Any CPU
		Release|Any CPU = Release|Any CPU
	EndGlobalSection
	GlobalSection(ProjectConfigurationPlatforms) = postSolution
		{CBABB967-F82D-4053-B22E-70D7E3D41E69}.Debug|Any CPU.ActiveCfg = Debug|Any CPU
		{CBABB967-F82D-4053-B22E-70D7E3D41E69}.Debug|Any CPU.Build.0 = Debug|Any CPU
		{CBABB967-F82D-4053-B22E-70D7E3D41E69}.Release|Any CPU.ActiveCfg = Release|Any CPU
		{CBABB967-F82D-4053-B22E-70D7E3D41E69}.Release|Any CPU.Build.0 = Release|Any CPU
	EndGlobalSection
	GlobalSection(SolutionProperties) = preSolution
		HideSolutionNode = FALSE
	EndGlobalSection
	GlobalSection(ExtensibilityGlobals) = postSolution
		SolutionGuid = {59E11B22-0D27-48AD-B973-D42DEABFDE17}
	EndGlobalSection
EndGlobal
